PODS:
  - BlocksKit (2.2.5):
    - BlocksKit/All
  - BlocksKit/All (2.2.5):
    - BlocksKit/Core
    - BlocksKit/DynamicDelegate
    - BlocksKit/MessageUI
    - BlocksKit/UIKit
  - BlocksKit/Core (2.2.5)
  - BlocksKit/DynamicDelegate (2.2.5)
  - BlocksKit/MessageUI (2.2.5):
    - BlocksKit/Core
    - BlocksKit/DynamicDelegate
  - BlocksKit/UIKit (2.2.5):
    - BlocksKit/Core
    - BlocksKit/DynamicDelegate
  - Bolts (1.1.2)
  - Facebook-iOS-SDK (3.17.0):
    - Bolts
  - Parse (1.2.20):
    - Facebook-iOS-SDK (~> 3.11)

DEPENDENCIES:
  - BlocksKit
  - Parse (= 1.2.20)

SPEC CHECKSUMS:
  BlocksKit: 4439e7f30a9f90743462ca63545a15c1f4304cef
  Bolts: 2635e8698a630774689441047f3465d78c48d485
  Facebook-iOS-SDK: f20274d809f112ba540842e2b6cbe50128d51b7b
  Parse: 28c0dc54f30201a369d29a2f76c09fa43b2add16

COCOAPODS: 0.33.1
